
Microsoft Visual Studio Solution File, Format Version 12.00
# Visual Studio Version 16
VisualStudioVersion = 16.0.31702.278
MinimumVisualStudioVersion = 10.0.40219.1
Project("{FAE04EC0-301F-11D3-BF4B-00C04F79EFBC}") = "GUIPBD", "GUIPBD\GUIPBD.csproj", "{AB35AA1A-CC69-4275-B237-2CC343EDABD0}"
EndProject
Global
	GlobalSection(SolutionConfigurationPlatforms) = preSolution
		Debug|Any CPU = Debug|Any CPU
		Release|Any CPU = Release|Any CPU
	EndGlobalSection
	GlobalSection(ProjectConfigurationPlatforms) = postSolution
		{AB35AA1A-CC69-4275-B237-2CC343EDABD0}.Debug|Any CPU.ActiveCfg = Debug|Any CPU
		{AB35AA1A-CC69-4275-B237-2CC343EDABD0}.Debug|Any CPU.Build.0 = Debug|Any CPU
		{AB35AA1A-CC69-4275-B237-2CC343EDABD0}.Release|Any CPU.ActiveCfg = Release|Any CPU
		{AB35AA1A-CC69-4275-B237-2CC343EDABD0}.Release|Any CPU.Build.0 = Release|Any CPU
	EndGlobalSection
	GlobalSection(SolutionProperties) = preSolution
		HideSolutionNode = FALSE
	EndGlobalSection
	GlobalSection(ExtensibilityGlobals) = postSolution
		SolutionGuid = {B80CF577-0453-4B11-88E3-AA448AEB6ABE}
	EndGlobalSection
EndGlobal
